
Microsoft Visual Studio Solution File, Format Version 12.00
# Visual Studio Version 17
VisualStudioVersion = 17.6.33829.357
MinimumVisualStudioVersion = 10.0.40219.1
Project("{FAE04EC0-301F-11D3-BF4B-00C04F79EFBC}") = "TestChristopher", "TestChristopher\TestChristopher.csproj", "{2E8010D2-5EFC-416B-94A2-F768FF449DE1}"
EndProject
Global
	GlobalSection(SolutionConfigurationPlatforms) = preSolution
		Debug|Any CPU = Debug|Any CPU
		Release|Any CPU = Release|Any CPU
	EndGlobalSection
	GlobalSection(ProjectConfigurationPlatforms) = postSolution
		{2E8010D2-5EFC-416B-94A2-F768FF449DE1}.Debug|Any CPU.ActiveCfg = Debug|Any CPU
		{2E8010D2-5EFC-416B-94A2-F768FF449DE1}.Debug|Any CPU.Build.0 = Debug|Any CPU
		{2E8010D2-5EFC-416B-94A2-F768FF449DE1}.Release|Any CPU.ActiveCfg = Release|Any CPU
		{2E8010D2-5EFC-416B-94A2-F768FF449DE1}.Release|Any CPU.Build.0 = Release|Any CPU
	EndGlobalSection
	GlobalSection(SolutionProperties) = preSolution
		HideSolutionNode = FALSE
	EndGlobalSection
	GlobalSection(ExtensibilityGlobals) = postSolution
		SolutionGuid = {E34DA5C0-B719-45AA-A660-1C33CDE22820}
	EndGlobalSection
EndGlobal
